
Microsoft Visual Studio Solution File, Format Version 12.00
# Visual Studio 2012
Project("{FAE04EC0-301F-11D3-BF4B-00C04F79EFBC}") = "Android_XML_SMS_BACKUP_PARSER", "Android_XML_SMS_BACKUP_PARSER\Android_XML_SMS_BACKUP_PARSER.csproj", "{DA0D12D1-082F-4E16-AFD5-ADFA2E2B8810}"
EndProject
Global
	GlobalSection(SolutionConfigurationPlatforms) = preSolution
		Debug|Any CPU = Debug|Any CPU
		Release|Any CPU = Release|Any CPU
	EndGlobalSection
	GlobalSection(ProjectConfigurationPlatforms) = postSolution
		{DA0D12D1-082F-4E16-AFD5-ADFA2E2B8810}.Debug|Any CPU.ActiveCfg = Debug|Any CPU
		{DA0D12D1-082F-4E16-AFD5-ADFA2E2B8810}.Debug|Any CPU.Build.0 = Debug|Any CPU
		{DA0D12D1-082F-4E16-AFD5-ADFA2E2B8810}.Release|Any CPU.ActiveCfg = Release|Any CPU
		{DA0D12D1-082F-4E16-AFD5-ADFA2E2B8810}.Release|Any CPU.Build.0 = Release|Any CPU
	EndGlobalSection
	GlobalSection(SolutionProperties) = preSolution
		HideSolutionNode = FALSE
	EndGlobalSection
EndGlobal
