
Microsoft Visual Studio Solution File, Format Version 12.00
# Visual Studio 2012
Project("{911E67C6-3D85-4FCE-B560-20A9C3E3FF48}") = "devenv", "C:\Program Files\Microsoft Visual Studio 11.0\Common7\IDE\devenv.exe", "{4BBA00AD-722D-4FFA-8A2A-2FCF740CE6AE}"
	ProjectSection(DebuggerProjectSystem) = preProject
		PortSupplier = 00000000-0000-0000-0000-000000000000
		Executable = C:\Program Files\Microsoft Visual Studio 11.0\Common7\IDE\devenv.exe
		RemoteMachine = ARYAMPACALEB-PC
		StartingDirectory = C:\Program Files\Microsoft Visual Studio 11.0\Common7\IDE
		Environment = Default
		LaunchingEngine = 00000000-0000-0000-0000-000000000000
		LaunchSQLEngine = No
		AttachLaunchAction = No
	EndProjectSection
EndProject
Global
	GlobalSection(SolutionConfigurationPlatforms) = preSolution
		Debug|x86 = Debug|x86
	EndGlobalSection
	GlobalSection(ProjectConfigurationPlatforms) = postSolution
		{4BBA00AD-722D-4FFA-8A2A-2FCF740CE6AE}.Debug|x86.ActiveCfg = Debug|x86
	EndGlobalSection
	GlobalSection(SolutionProperties) = preSolution
		HideSolutionNode = FALSE
	EndGlobalSection
EndGlobal
